
Microsoft Visual Studio Solution File, Format Version 12.00
# Visual Studio Version 17
VisualStudioVersion = 17.0.31903.59
MinimumVisualStudioVersion = 10.0.40219.1
Project("{2150E333-8FDC-42A3-9474-1A3956D46DE8}") = "src", "src", "{E40506A8-06A5-4D40-944A-14B8CE844FE4}"
EndProject
Project("{FAE04EC0-301F-11D3-BF4B-00C04F79EFBC}") = "NoniPilot.Domain", "src\NoniPilot.Domain\NoniPilot.Domain.csproj", "{580757A0-862A-4B39-9690-18395B1773FE}"
EndProject
Project("{FAE04EC0-301F-11D3-BF4B-00C04F79EFBC}") = "NoniPilot.Policy", "src\NoniPilot.Policy\NoniPilot.Policy.csproj", "{048E886E-A8F5-4680-9597-9C2A5F959447}"
EndProject
Project("{FAE04EC0-301F-11D3-BF4B-00C04F79EFBC}") = "NoniPilot.ComputerControl", "src\NoniPilot.ComputerControl\NoniPilot.ComputerControl.csproj", "{7D915D18-4D77-4564-A8C5-F6A791BF3DB4}"
EndProject
Project("{FAE04EC0-301F-11D3-BF4B-00C04F79EFBC}") = "NoniPilot.FileSystem", "src\NoniPilot.FileSystem\NoniPilot.FileSystem.csproj", "{BE77A5FB-53F6-4AB7-9568-0886FBDFF2C5}"
EndProject
Project("{FAE04EC0-301F-11D3-BF4B-00C04F79EFBC}") = "NoniPilot.Applications", "src\NoniPilot.Applications\NoniPilot.Applications.csproj", "{25ABA74C-8225-4BB2-B633-DB49EE3C4E7E}"
EndProject
Project("{FAE04EC0-301F-11D3-BF4B-00C04F79EFBC}") = "NoniPilot.Audit", "src\NoniPilot.Audit\NoniPilot.Audit.csproj", "{095B8157-A224-4E42-83A1-DE2376C58D67}"
EndProject
Project("{FAE04EC0-301F-11D3-BF4B-00C04F79EFBC}") = "NoniPilot.Agent", "src\NoniPilot.Agent\NoniPilot.Agent.csproj", "{B0F3B267-F350-4BAA-A77A-C262EBEE5335}"
EndProject
Project("{FAE04EC0-301F-11D3-BF4B-00C04F79EFBC}") = "NoniPilot.Verification", "src\NoniPilot.Verification\NoniPilot.Verification.csproj", "{9EA6CED6-3366-47DC-A5FC-0CEF27096ECA}"
EndProject
Project("{FAE04EC0-301F-11D3-BF4B-00C04F79EFBC}") = "NoniPilot.Voice", "src\NoniPilot.Voice\NoniPilot.Voice.csproj", "{BD74FAE7-AE92-4697-A786-827E6BB70894}"
EndProject
Project("{FAE04EC0-301F-11D3-BF4B-00C04F79EFBC}") = "NoniPilot.Vision", "src\NoniPilot.Vision\NoniPilot.Vision.csproj", "{CFA365D0-9968-4B1B-A759-8B9E852B9021}"
EndProject
Project("{FAE04EC0-301F-11D3-BF4B-00C04F79EFBC}") = "NoniPilot.Gesture", "src\NoniPilot.Gesture\NoniPilot.Gesture.csproj", "{92571974-8856-4E63-8BAD-675DA34FEEC7}"
EndProject
Project("{FAE04EC0-301F-11D3-BF4B-00C04F79EFBC}") = "NoniPilot.Browser", "src\NoniPilot.Browser\NoniPilot.Browser.csproj", "{A287B130-7DC6-4278-A847-254914C2941F}"
EndProject
Project("{FAE04EC0-301F-11D3-BF4B-00C04F79EFBC}") = "NoniPilot.PluginSdk", "src\NoniPilot.PluginSdk\NoniPilot.PluginSdk.csproj", "{470EF2EA-DDE8-4B5C-B4B7-8C94F876F3C8}"
EndProject
Project("{FAE04EC0-301F-11D3-BF4B-00C04F79EFBC}") = "NoniPilot.Desktop", "src\NoniPilot.Desktop\NoniPilot.Desktop.csproj", "{F6E8D749-F70C-41EB-AD7B-DB4AD5A4998A}"
EndProject
Project("{2150E333-8FDC-42A3-9474-1A3956D46DE8}") = "tests", "tests", "{277E0DC4-F377-44B9-923E-3222007E78A3}"
EndProject
Project("{FAE04EC0-301F-11D3-BF4B-00C04F79EFBC}") = "NoniPilot.Tests.Unit", "tests\Unit\NoniPilot.Tests.Unit.csproj", "{685E0176-1A60-4FF3-8EBF-5318C98AAAFF}"
EndProject
Global
	GlobalSection(SolutionConfigurationPlatforms) = preSolution
		Debug|Any CPU = Debug|Any CPU
		Release|Any CPU = Release|Any CPU
	EndGlobalSection
	GlobalSection(SolutionProperties) = preSolution
		HideSolutionNode = FALSE
	EndGlobalSection
	GlobalSection(ProjectConfigurationPlatforms) = postSolution
		{580757A0-862A-4B39-9690-18395B1773FE}.Debug|Any CPU.ActiveCfg = Debug|Any CPU
		{580757A0-862A-4B39-9690-18395B1773FE}.Debug|Any CPU.Build.0 = Debug|Any CPU
		{580757A0-862A-4B39-9690-18395B1773FE}.Release|Any CPU.ActiveCfg = Release|Any CPU
		{580757A0-862A-4B39-9690-18395B1773FE}.Release|Any CPU.Build.0 = Release|Any CPU
		{048E886E-A8F5-4680-9597-9C2A5F959447}.Debug|Any CPU.ActiveCfg = Debug|Any CPU
		{048E886E-A8F5-4680-9597-9C2A5F959447}.Debug|Any CPU.Build.0 = Debug|Any CPU
		{048E886E-A8F5-4680-9597-9C2A5F959447}.Release|Any CPU.ActiveCfg = Release|Any CPU
		{048E886E-A8F5-4680-9597-9C2A5F959447}.Release|Any CPU.Build.0 = Release|Any CPU
		{7D915D18-4D77-4564-A8C5-F6A791BF3DB4}.Debug|Any CPU.ActiveCfg = Debug|Any CPU
		{7D915D18-4D77-4564-A8C5-F6A791BF3DB4}.Debug|Any CPU.Build.0 = Debug|Any CPU
		{7D915D18-4D77-4564-A8C5-F6A791BF3DB4}.Release|Any CPU.ActiveCfg = Release|Any CPU
		{7D915D18-4D77-4564-A8C5-F6A791BF3DB4}.Release|Any CPU.Build.0 = Release|Any CPU
		{BE77A5FB-53F6-4AB7-9568-0886FBDFF2C5}.Debug|Any CPU.ActiveCfg = Debug|Any CPU
		{BE77A5FB-53F6-4AB7-9568-0886FBDFF2C5}.Debug|Any CPU.Build.0 = Debug|Any CPU
		{BE77A5FB-53F6-4AB7-9568-0886FBDFF2C5}.Release|Any CPU.ActiveCfg = Release|Any CPU
		{BE77A5FB-53F6-4AB7-9568-0886FBDFF2C5}.Release|Any CPU.Build.0 = Release|Any CPU
		{25ABA74C-8225-4BB2-B633-DB49EE3C4E7E}.Debug|Any CPU.ActiveCfg = Debug|Any CPU
		{25ABA74C-8225-4BB2-B633-DB49EE3C4E7E}.Debug|Any CPU.Build.0 = Debug|Any CPU
		{25ABA74C-8225-4BB2-B633-DB49EE3C4E7E}.Release|Any CPU.ActiveCfg = Release|Any CPU
		{25ABA74C-8225-4BB2-B633-DB49EE3C4E7E}.Release|Any CPU.Build.0 = Release|Any CPU
		{095B8157-A224-4E42-83A1-DE2376C58D67}.Debug|Any CPU.ActiveCfg = Debug|Any CPU
		{095B8157-A224-4E42-83A1-DE2376C58D67}.Debug|Any CPU.Build.0 = Debug|Any CPU
		{095B8157-A224-4E42-83A1-DE2376C58D67}.Release|Any CPU.ActiveCfg = Release|Any CPU
		{095B8157-A224-4E42-83A1-DE2376C58D67}.Release|Any CPU.Build.0 = Release|Any CPU
		{B0F3B267-F350-4BAA-A77A-C262EBEE5335}.Debug|Any CPU.ActiveCfg = Debug|Any CPU
		{B0F3B267-F350-4BAA-A77A-C262EBEE5335}.Debug|Any CPU.Build.0 = Debug|Any CPU
		{B0F3B267-F350-4BAA-A77A-C262EBEE5335}.Release|Any CPU.ActiveCfg = Release|Any CPU
		{B0F3B267-F350-4BAA-A77A-C262EBEE5335}.Release|Any CPU.Build.0 = Release|Any CPU
		{9EA6CED6-3366-47DC-A5FC-0CEF27096ECA}.Debug|Any CPU.ActiveCfg = Debug|Any CPU
		{9EA6CED6-3366-47DC-A5FC-0CEF27096ECA}.Debug|Any CPU.Build.0 = Debug|Any CPU
		{9EA6CED6-3366-47DC-A5FC-0CEF27096ECA}.Release|Any CPU.ActiveCfg = Release|Any CPU
		{9EA6CED6-3366-47DC-A5FC-0CEF27096ECA}.Release|Any CPU.Build.0 = Release|Any CPU
		{BD74FAE7-AE92-4697-A786-827E6BB70894}.Debug|Any CPU.ActiveCfg = Debug|Any CPU
		{BD74FAE7-AE92-4697-A786-827E6BB70894}.Debug|Any CPU.Build.0 = Debug|Any CPU
		{BD74FAE7-AE92-4697-A786-827E6BB70894}.Release|Any CPU.ActiveCfg = Release|Any CPU
		{BD74FAE7-AE92-4697-A786-827E6BB70894}.Release|Any CPU.Build.0 = Release|Any CPU
		{CFA365D0-9968-4B1B-A759-8B9E852B9021}.Debug|Any CPU.ActiveCfg = Debug|Any CPU
		{CFA365D0-9968-4B1B-A759-8B9E852B9021}.Debug|Any CPU.Build.0 = Debug|Any CPU
		{CFA365D0-9968-4B1B-A759-8B9E852B9021}.Release|Any CPU.ActiveCfg = Release|Any CPU
		{CFA365D0-9968-4B1B-A759-8B9E852B9021}.Release|Any CPU.Build.0 = Release|Any CPU
		{92571974-8856-4E63-8BAD-675DA34FEEC7}.Debug|Any CPU.ActiveCfg = Debug|Any CPU
		{92571974-8856-4E63-8BAD-675DA34FEEC7}.Debug|Any CPU.Build.0 = Debug|Any CPU
		{92571974-8856-4E63-8BAD-675DA34FEEC7}.Release|Any CPU.ActiveCfg = Release|Any CPU
		{92571974-8856-4E63-8BAD-675DA34FEEC7}.Release|Any CPU.Build.0 = Release|Any CPU
		{A287B130-7DC6-4278-A847-254914C2941F}.Debug|Any CPU.ActiveCfg = Debug|Any CPU
		{A287B130-7DC6-4278-A847-254914C2941F}.Debug|Any CPU.Build.0 = Debug|Any CPU
		{A287B130-7DC6-4278-A847-254914C2941F}.Release|Any CPU.ActiveCfg = Release|Any CPU
		{A287B130-7DC6-4278-A847-254914C2941F}.Release|Any CPU.Build.0 = Release|Any CPU
		{470EF2EA-DDE8-4B5C-B4B7-8C94F876F3C8}.Debug|Any CPU.ActiveCfg = Debug|Any CPU
		{470EF2EA-DDE8-4B5C-B4B7-8C94F876F3C8}.Debug|Any CPU.Build.0 = Debug|Any CPU
		{470EF2EA-DDE8-4B5C-B4B7-8C94F876F3C8}.Release|Any CPU.ActiveCfg = Release|Any CPU
		{470EF2EA-DDE8-4B5C-B4B7-8C94F876F3C8}.Release|Any CPU.Build.0 = Release|Any CPU
		{F6E8D749-F70C-41EB-AD7B-DB4AD5A4998A}.Debug|Any CPU.ActiveCfg = Debug|Any CPU
		{F6E8D749-F70C-41EB-AD7B-DB4AD5A4998A}.Debug|Any CPU.Build.0 = Debug|Any CPU
		{F6E8D749-F70C-41EB-AD7B-DB4AD5A4998A}.Release|Any CPU.ActiveCfg = Release|Any CPU
		{F6E8D749-F70C-41EB-AD7B-DB4AD5A4998A}.Release|Any CPU.Build.0 = Release|Any CPU
		{685E0176-1A60-4FF3-8EBF-5318C98AAAFF}.Debug|Any CPU.ActiveCfg = Debug|Any CPU
		{685E0176-1A60-4FF3-8EBF-5318C98AAAFF}.Debug|Any CPU.Build.0 = Debug|Any CPU
		{685E0176-1A60-4FF3-8EBF-5318C98AAAFF}.Release|Any CPU.ActiveCfg = Release|Any CPU
		{685E0176-1A60-4FF3-8EBF-5318C98AAAFF}.Release|Any CPU.Build.0 = Release|Any CPU
	EndGlobalSection
	GlobalSection(NestedProjects) = preSolution
		{580757A0-862A-4B39-9690-18395B1773FE} = {E40506A8-06A5-4D40-944A-14B8CE844FE4}
		{048E886E-A8F5-4680-9597-9C2A5F959447} = {E40506A8-06A5-4D40-944A-14B8CE844FE4}
		{7D915D18-4D77-4564-A8C5-F6A791BF3DB4} = {E40506A8-06A5-4D40-944A-14B8CE844FE4}
		{BE77A5FB-53F6-4AB7-9568-0886FBDFF2C5} = {E40506A8-06A5-4D40-944A-14B8CE844FE4}
		{25ABA74C-8225-4BB2-B633-DB49EE3C4E7E} = {E40506A8-06A5-4D40-944A-14B8CE844FE4}
		{095B8157-A224-4E42-83A1-DE2376C58D67} = {E40506A8-06A5-4D40-944A-14B8CE844FE4}
		{B0F3B267-F350-4BAA-A77A-C262EBEE5335} = {E40506A8-06A5-4D40-944A-14B8CE844FE4}
		{9EA6CED6-3366-47DC-A5FC-0CEF27096ECA} = {E40506A8-06A5-4D40-944A-14B8CE844FE4}
		{BD74FAE7-AE92-4697-A786-827E6BB70894} = {E40506A8-06A5-4D40-944A-14B8CE844FE4}
		{CFA365D0-9968-4B1B-A759-8B9E852B9021} = {E40506A8-06A5-4D40-944A-14B8CE844FE4}
		{92571974-8856-4E63-8BAD-675DA34FEEC7} = {E40506A8-06A5-4D40-944A-14B8CE844FE4}
		{A287B130-7DC6-4278-A847-254914C2941F} = {E40506A8-06A5-4D40-944A-14B8CE844FE4}
		{470EF2EA-DDE8-4B5C-B4B7-8C94F876F3C8} = {E40506A8-06A5-4D40-944A-14B8CE844FE4}
		{F6E8D749-F70C-41EB-AD7B-DB4AD5A4998A} = {E40506A8-06A5-4D40-944A-14B8CE844FE4}
		{685E0176-1A60-4FF3-8EBF-5318C98AAAFF} = {277E0DC4-F377-44B9-923E-3222007E78A3}
	EndGlobalSection
EndGlobal
